// !$*UTF8*$!
{
	archiveVersion = 1;
	classes = {
	};
	objectVersion = 56;
	objects = {

/* Begin PBXBuildFile section */
		3F23E0152C3D590700EBC68D /* ReviewPage.swift in Sources */ = {isa = PBXBuildFile; fileRef = 3F23E0142C3D590700EBC68D /* ReviewPage.swift */; };
		3F23E0182C3D5B8200EBC68D /* ReviewTimer.swift in Sources */ = {isa = PBXBuildFile; fileRef = 3F23E0172C3D5B8200EBC68D /* ReviewTimer.swift */; };
		3F23E01A2C3D7F6100EBC68D /* CardPotion.swift in Sources */ = {isa = PBXBuildFile; fileRef = 3F23E0192C3D7F6100EBC68D /* CardPotion.swift */; };
		3F23E01C2C3D7FAC00EBC68D /* CardIngredient.swift in Sources */ = {isa = PBXBuildFile; fileRef = 3F23E01B2C3D7FAC00EBC68D /* CardIngredient.swift */; };
		3F5482CB2C400C6C00DD9020 /* GamePage.swift in Sources */ = {isa = PBXBuildFile; fileRef = 3F5482CA2C400C6C00DD9020 /* GamePage.swift */; };
		3F5482CF2C40226400DD9020 /* UTType+Extension.swift in Sources */ = {isa = PBXBuildFile; fileRef = 3F5482CE2C40226400DD9020 /* UTType+Extension.swift */; };
		3F63E8002C3EAA6C00A500BA /* ElixirViewModel.swift in Sources */ = {isa = PBXBuildFile; fileRef = 3F63E7FF2C3EAA6C00A500BA /* ElixirViewModel.swift */; };
		3F7B40BE2C402CFF0063312C /* IngredientsContainer.swift in Sources */ = {isa = PBXBuildFile; fileRef = 3F7B40BD2C402CFF0063312C /* IngredientsContainer.swift */; };
		3FC81FD92C3DB9CE00BF2803 /* Potion.swift in Sources */ = {isa = PBXBuildFile; fileRef = 3FC81FD82C3DB9CE00BF2803 /* Potion.swift */; };
		3FC81FDB2C3DBE0C00BF2803 /* IngredientModel.swift in Sources */ = {isa = PBXBuildFile; fileRef = 3FC81FDA2C3DBE0C00BF2803 /* IngredientModel.swift */; };
		B214ACF52C35740100A362EB /* gameHarry_APIApp.swift in Sources */ = {isa = PBXBuildFile; fileRef = B214ACF42C35740100A362EB /* gameHarry_APIApp.swift */; };
		B214ACF92C35740200A362EB /* Assets.xcassets in Resources */ = {isa = PBXBuildFile; fileRef = B214ACF82C35740200A362EB /* Assets.xcassets */; };
		B214ACFC2C35740200A362EB /* Preview Assets.xcassets in Resources */ = {isa = PBXBuildFile; fileRef = B214ACFB2C35740200A362EB /* Preview Assets.xcassets */; };
		B214AD062C35740300A362EB /* gameHarry_APITests.swift in Sources */ = {isa = PBXBuildFile; fileRef = B214AD052C35740300A362EB /* gameHarry_APITests.swift */; };
		B214AD102C35740300A362EB /* gameHarry_APIUITests.swift in Sources */ = {isa = PBXBuildFile; fileRef = B214AD0F2C35740300A362EB /* gameHarry_APIUITests.swift */; };
		B214AD122C35740300A362EB /* gameHarry_APIUITestsLaunchTests.swift in Sources */ = {isa = PBXBuildFile; fileRef = B214AD112C35740300A362EB /* gameHarry_APIUITestsLaunchTests.swift */; };
		B214AD202C357BE700A362EB /* Apiservice.swift in Sources */ = {isa = PBXBuildFile; fileRef = B214AD1F2C357BE700A362EB /* Apiservice.swift */; };
		B214AD302C35903800A362EB /* WelcomePage.swift in Sources */ = {isa = PBXBuildFile; fileRef = B214AD2F2C35903800A362EB /* WelcomePage.swift */; };
		B214AD342C35931300A362EB /* SettingsPage.swift in Sources */ = {isa = PBXBuildFile; fileRef = B214AD332C35931300A362EB /* SettingsPage.swift */; };
		B2B6591B2C3C250C00682D91 /* SearchBar.swift in Sources */ = {isa = PBXBuildFile; fileRef = B2B6591A2C3C250C00682D91 /* SearchBar.swift */; };
		B2BDD10A2C3D7CA300474C6A /* WikiViewmodel.swift in Sources */ = {isa = PBXBuildFile; fileRef = B2BDD1092C3D7CA300474C6A /* WikiViewmodel.swift */; };
		B2BDD10E2C3DB85100474C6A /* SpellsModel.swift in Sources */ = {isa = PBXBuildFile; fileRef = B2BDD10D2C3DB85100474C6A /* SpellsModel.swift */; };
		B2BDD1102C3DB86C00474C6A /* WizardModel.swift in Sources */ = {isa = PBXBuildFile; fileRef = B2BDD10F2C3DB86C00474C6A /* WizardModel.swift */; };
		B2C4E0512C3EA59600065304 /* PotionsModel.swift in Sources */ = {isa = PBXBuildFile; fileRef = B2C4E0502C3EA59600065304 /* PotionsModel.swift */; };
		B2C4E0532C3EB52A00065304 /* CardView.swift in Sources */ = {isa = PBXBuildFile; fileRef = B2C4E0522C3EB52A00065304 /* CardView.swift */; };
		CE3228052C382D5200F3E8D8 /* HouseViewmodel.swift in Sources */ = {isa = PBXBuildFile; fileRef = CE3228042C382D5200F3E8D8 /* HouseViewmodel.swift */; };
		CE3228082C382DA800F3E8D8 /* WikiPage.swift in Sources */ = {isa = PBXBuildFile; fileRef = CE3228072C382DA800F3E8D8 /* WikiPage.swift */; };
		CE32280C2C3C099D00F3E8D8 /* WikiPageFactory.swift in Sources */ = {isa = PBXBuildFile; fileRef = CE32280B2C3C099D00F3E8D8 /* WikiPageFactory.swift */; };
		CE32280E2C3C0A7400F3E8D8 /* PrimaryButton.swift in Sources */ = {isa = PBXBuildFile; fileRef = CE32280D2C3C0A7400F3E8D8 /* PrimaryButton.swift */; };
		CE853AFB2C3C1AFA008CF20B /* TextShimmer.swift in Sources */ = {isa = PBXBuildFile; fileRef = CE853AFA2C3C1AFA008CF20B /* TextShimmer.swift */; };
		CE853AFD2C3C1BD2008CF20B /* RoundedImage.swift in Sources */ = {isa = PBXBuildFile; fileRef = CE853AFC2C3C1BD2008CF20B /* RoundedImage.swift */; };
		CE853AFF2C3C1C0B008CF20B /* Text+Extension.swift in Sources */ = {isa = PBXBuildFile; fileRef = CE853AFE2C3C1C0B008CF20B /* Text+Extension.swift */; };
		CE853B372C3C1EBE008CF20B /* Cinzel-VariableFont_wght.ttf in Resources */ = {isa = PBXBuildFile; fileRef = CE853B362C3C1EBE008CF20B /* Cinzel-VariableFont_wght.ttf */; };
		CE853B3B2C3C1ED9008CF20B /* CinzelDecorative-Regular.ttf in Resources */ = {isa = PBXBuildFile; fileRef = CE853B382C3C1ED9008CF20B /* CinzelDecorative-Regular.ttf */; };
		CE853B3C2C3C1ED9008CF20B /* CinzelDecorative-Black.ttf in Resources */ = {isa = PBXBuildFile; fileRef = CE853B392C3C1ED9008CF20B /* CinzelDecorative-Black.ttf */; };
		CE853B3D2C3C1ED9008CF20B /* CinzelDecorative-Bold.ttf in Resources */ = {isa = PBXBuildFile; fileRef = CE853B3A2C3C1ED9008CF20B /* CinzelDecorative-Bold.ttf */; };
		CE853B462C3C2301008CF20B /* Lora-BoldItalic.ttf in Resources */ = {isa = PBXBuildFile; fileRef = CE853B442C3C1F3E008CF20B /* Lora-BoldItalic.ttf */; };
		CE853B472C3C2301008CF20B /* Lora-Regular.ttf in Resources */ = {isa = PBXBuildFile; fileRef = CE853B402C3C1F3E008CF20B /* Lora-Regular.ttf */; };
		CE853B482C3C2301008CF20B /* Lora-Bold.ttf in Resources */ = {isa = PBXBuildFile; fileRef = CE853B3E2C3C1F3D008CF20B /* Lora-Bold.ttf */; };
		CE853B492C3C2301008CF20B /* Lora-SemiBoldItalic.ttf in Resources */ = {isa = PBXBuildFile; fileRef = CE853B452C3C1F3E008CF20B /* Lora-SemiBoldItalic.ttf */; };
		CE853B4A2C3C2301008CF20B /* Lora-Medium.ttf in Resources */ = {isa = PBXBuildFile; fileRef = CE853B412C3C1F3E008CF20B /* Lora-Medium.ttf */; };
		CE853B4B2C3C2301008CF20B /* Lora-Italic.ttf in Resources */ = {isa = PBXBuildFile; fileRef = CE853B422C3C1F3E008CF20B /* Lora-Italic.ttf */; };
		CE853B4C2C3C2301008CF20B /* Lora-MediumItalic.ttf in Resources */ = {isa = PBXBuildFile; fileRef = CE853B432C3C1F3E008CF20B /* Lora-MediumItalic.ttf */; };
		CE853B4D2C3C2301008CF20B /* Lora-SemiBold.ttf in Resources */ = {isa = PBXBuildFile; fileRef = CE853B3F2C3C1F3E008CF20B /* Lora-SemiBold.ttf */; };
		CEC321592C36CFFB00941979 /* LandingPage.swift in Sources */ = {isa = PBXBuildFile; fileRef = CEC321582C36CFFB00941979 /* LandingPage.swift */; };
		CEE89F622C36E603005615B6 /* String+Extension.swift in Sources */ = {isa = PBXBuildFile; fileRef = CEE89F612C36E603005615B6 /* String+Extension.swift */; };
		CEE89F652C36E6C1005615B6 /* HouseModel.swift in Sources */ = {isa = PBXBuildFile; fileRef = CEE89F642C36E6C1005615B6 /* HouseModel.swift */; };
		CEE89F6A2C36F62F005615B6 /* View+Extension.swift in Sources */ = {isa = PBXBuildFile; fileRef = CEE89F692C36F62F005615B6 /* View+Extension.swift */; };
		CEE89F782C36FBE6005615B6 /* Font+Extension.swift in Sources */ = {isa = PBXBuildFile; fileRef = CEE89F772C36FBE6005615B6 /* Font+Extension.swift */; };
/* End PBXBuildFile section */

/* Begin PBXContainerItemProxy section */
		B214AD022C35740300A362EB /* PBXContainerItemProxy */ = {
			isa = PBXContainerItemProxy;
			containerPortal = B214ACE92C35740100A362EB /* Project object */;
			proxyType = 1;
			remoteGlobalIDString = B214ACF02C35740100A362EB;
			remoteInfo = "gameHarry-API";
		};
		B214AD0C2C35740300A362EB /* PBXContainerItemProxy */ = {
			isa = PBXContainerItemProxy;
			containerPortal = B214ACE92C35740100A362EB /* Project object */;
			proxyType = 1;
			remoteGlobalIDString = B214ACF02C35740100A362EB;
			remoteInfo = "gameHarry-API";
		};
/* End PBXContainerItemProxy section */

/* Begin PBXFileReference section */
		3F23E0142C3D590700EBC68D /* ReviewPage.swift */ = {isa = PBXFileReference; lastKnownFileType = sourcecode.swift; path = ReviewPage.swift; sourceTree = "<group>"; };
		3F23E0172C3D5B8200EBC68D /* ReviewTimer.swift */ = {isa = PBXFileReference; lastKnownFileType = sourcecode.swift; path = ReviewTimer.swift; sourceTree = "<group>"; };
		3F23E0192C3D7F6100EBC68D /* CardPotion.swift */ = {isa = PBXFileReference; lastKnownFileType = sourcecode.swift; path = CardPotion.swift; sourceTree = "<group>"; };
		3F23E01B2C3D7FAC00EBC68D /* CardIngredient.swift */ = {isa = PBXFileReference; lastKnownFileType = sourcecode.swift; path = CardIngredient.swift; sourceTree = "<group>"; };
		3F5482CA2C400C6C00DD9020 /* GamePage.swift */ = {isa = PBXFileReference; lastKnownFileType = sourcecode.swift; name = GamePage.swift; path = "../../../../GameHarry-Pocs/GamePageHP/GamePage.swift"; sourceTree = "<group>"; };
		3F5482CE2C40226400DD9020 /* UTType+Extension.swift */ = {isa = PBXFileReference; lastKnownFileType = sourcecode.swift; path = "UTType+Extension.swift"; sourceTree = "<group>"; };
		3F63E7FF2C3EAA6C00A500BA /* ElixirViewModel.swift */ = {isa = PBXFileReference; lastKnownFileType = sourcecode.swift; path = ElixirViewModel.swift; sourceTree = "<group>"; };
		3F7B40BD2C402CFF0063312C /* IngredientsContainer.swift */ = {isa = PBXFileReference; lastKnownFileType = sourcecode.swift; path = IngredientsContainer.swift; sourceTree = "<group>"; };
		3FC81FD82C3DB9CE00BF2803 /* Potion.swift */ = {isa = PBXFileReference; lastKnownFileType = sourcecode.swift; path = Potion.swift; sourceTree = "<group>"; };
		3FC81FDA2C3DBE0C00BF2803 /* IngredientModel.swift */ = {isa = PBXFileReference; lastKnownFileType = sourcecode.swift; path = IngredientModel.swift; sourceTree = "<group>"; };
		B214ACF12C35740100A362EB /* gameHarry-API.app */ = {isa = PBXFileReference; explicitFileType = wrapper.application; includeInIndex = 0; path = "gameHarry-API.app"; sourceTree = BUILT_PRODUCTS_DIR; };
		B214ACF42C35740100A362EB /* gameHarry_APIApp.swift */ = {isa = PBXFileReference; lastKnownFileType = sourcecode.swift; path = gameHarry_APIApp.swift; sourceTree = "<group>"; };
		B214ACF82C35740200A362EB /* Assets.xcassets */ = {isa = PBXFileReference; lastKnownFileType = folder.assetcatalog; path = Assets.xcassets; sourceTree = "<group>"; };
		B214ACFB2C35740200A362EB /* Preview Assets.xcassets */ = {isa = PBXFileReference; lastKnownFileType = folder.assetcatalog; path = "Preview Assets.xcassets"; sourceTree = "<group>"; };
		B214AD012C35740300A362EB /* gameHarry-APITests.xctest */ = {isa = PBXFileReference; explicitFileType = wrapper.cfbundle; includeInIndex = 0; path = "gameHarry-APITests.xctest"; sourceTree = BUILT_PRODUCTS_DIR; };
		B214AD052C35740300A362EB /* gameHarry_APITests.swift */ = {isa = PBXFileReference; lastKnownFileType = sourcecode.swift; path = gameHarry_APITests.swift; sourceTree = "<group>"; };
		B214AD0B2C35740300A362EB /* gameHarry-APIUITests.xctest */ = {isa = PBXFileReference; explicitFileType = wrapper.cfbundle; includeInIndex = 0; path = "gameHarry-APIUITests.xctest"; sourceTree = BUILT_PRODUCTS_DIR; };
		B214AD0F2C35740300A362EB /* gameHarry_APIUITests.swift */ = {isa = PBXFileReference; lastKnownFileType = sourcecode.swift; path = gameHarry_APIUITests.swift; sourceTree = "<group>"; };
		B214AD112C35740300A362EB /* gameHarry_APIUITestsLaunchTests.swift */ = {isa = PBXFileReference; lastKnownFileType = sourcecode.swift; path = gameHarry_APIUITestsLaunchTests.swift; sourceTree = "<group>"; };
		B214AD1F2C357BE700A362EB /* Apiservice.swift */ = {isa = PBXFileReference; lastKnownFileType = sourcecode.swift; path = Apiservice.swift; sourceTree = "<group>"; };
		B214AD2F2C35903800A362EB /* WelcomePage.swift */ = {isa = PBXFileReference; lastKnownFileType = sourcecode.swift; path = WelcomePage.swift; sourceTree = "<group>"; };
		B214AD332C35931300A362EB /* SettingsPage.swift */ = {isa = PBXFileReference; lastKnownFileType = sourcecode.swift; path = SettingsPage.swift; sourceTree = "<group>"; };
		B2B6591A2C3C250C00682D91 /* SearchBar.swift */ = {isa = PBXFileReference; lastKnownFileType = sourcecode.swift; path = SearchBar.swift; sourceTree = "<group>"; };
		B2BDD1092C3D7CA300474C6A /* WikiViewmodel.swift */ = {isa = PBXFileReference; lastKnownFileType = sourcecode.swift; path = WikiViewmodel.swift; sourceTree = "<group>"; };
		B2BDD10D2C3DB85100474C6A /* SpellsModel.swift */ = {isa = PBXFileReference; lastKnownFileType = sourcecode.swift; path = SpellsModel.swift; sourceTree = "<group>"; };
		B2BDD10F2C3DB86C00474C6A /* WizardModel.swift */ = {isa = PBXFileReference; lastKnownFileType = sourcecode.swift; path = WizardModel.swift; sourceTree = "<group>"; };
		B2C4E0502C3EA59600065304 /* PotionsModel.swift */ = {isa = PBXFileReference; lastKnownFileType = sourcecode.swift; path = PotionsModel.swift; sourceTree = "<group>"; };
		B2C4E0522C3EB52A00065304 /* CardView.swift */ = {isa = PBXFileReference; lastKnownFileType = sourcecode.swift; path = CardView.swift; sourceTree = "<group>"; };
		CE3228042C382D5200F3E8D8 /* HouseViewmodel.swift */ = {isa = PBXFileReference; lastKnownFileType = sourcecode.swift; path = HouseViewmodel.swift; sourceTree = "<group>"; };
		CE3228072C382DA800F3E8D8 /* WikiPage.swift */ = {isa = PBXFileReference; lastKnownFileType = sourcecode.swift; path = WikiPage.swift; sourceTree = "<group>"; };
		CE32280B2C3C099D00F3E8D8 /* WikiPageFactory.swift */ = {isa = PBXFileReference; lastKnownFileType = sourcecode.swift; path = WikiPageFactory.swift; sourceTree = "<group>"; };
		CE32280D2C3C0A7400F3E8D8 /* PrimaryButton.swift */ = {isa = PBXFileReference; lastKnownFileType = sourcecode.swift; path = PrimaryButton.swift; sourceTree = "<group>"; };
		CE853AFA2C3C1AFA008CF20B /* TextShimmer.swift */ = {isa = PBXFileReference; lastKnownFileType = sourcecode.swift; path = TextShimmer.swift; sourceTree = "<group>"; };
		CE853AFC2C3C1BD2008CF20B /* RoundedImage.swift */ = {isa = PBXFileReference; lastKnownFileType = sourcecode.swift; path = RoundedImage.swift; sourceTree = "<group>"; };
		CE853AFE2C3C1C0B008CF20B /* Text+Extension.swift */ = {isa = PBXFileReference; fileEncoding = 4; lastKnownFileType = sourcecode.swift; path = "Text+Extension.swift"; sourceTree = "<group>"; };
		CE853B362C3C1EBE008CF20B /* Cinzel-VariableFont_wght.ttf */ = {isa = PBXFileReference; lastKnownFileType = file; path = "Cinzel-VariableFont_wght.ttf"; sourceTree = "<group>"; };
		CE853B382C3C1ED9008CF20B /* CinzelDecorative-Regular.ttf */ = {isa = PBXFileReference; lastKnownFileType = file; path = "CinzelDecorative-Regular.ttf"; sourceTree = "<group>"; };
		CE853B392C3C1ED9008CF20B /* CinzelDecorative-Black.ttf */ = {isa = PBXFileReference; lastKnownFileType = file; path = "CinzelDecorative-Black.ttf"; sourceTree = "<group>"; };
		CE853B3A2C3C1ED9008CF20B /* CinzelDecorative-Bold.ttf */ = {isa = PBXFileReference; lastKnownFileType = file; path = "CinzelDecorative-Bold.ttf"; sourceTree = "<group>"; };
		CE853B3E2C3C1F3D008CF20B /* Lora-Bold.ttf */ = {isa = PBXFileReference; lastKnownFileType = file; path = "Lora-Bold.ttf"; sourceTree = "<group>"; };
		CE853B3F2C3C1F3E008CF20B /* Lora-SemiBold.ttf */ = {isa = PBXFileReference; lastKnownFileType = file; path = "Lora-SemiBold.ttf"; sourceTree = "<group>"; };
		CE853B402C3C1F3E008CF20B /* Lora-Regular.ttf */ = {isa = PBXFileReference; lastKnownFileType = file; path = "Lora-Regular.ttf"; sourceTree = "<group>"; };
		CE853B412C3C1F3E008CF20B /* Lora-Medium.ttf */ = {isa = PBXFileReference; lastKnownFileType = file; path = "Lora-Medium.ttf"; sourceTree = "<group>"; };
		CE853B422C3C1F3E008CF20B /* Lora-Italic.ttf */ = {isa = PBXFileReference; lastKnownFileType = file; path = "Lora-Italic.ttf"; sourceTree = "<group>"; };
		CE853B432C3C1F3E008CF20B /* Lora-MediumItalic.ttf */ = {isa = PBXFileReference; lastKnownFileType = file; path = "Lora-MediumItalic.ttf"; sourceTree = "<group>"; };
		CE853B442C3C1F3E008CF20B /* Lora-BoldItalic.ttf */ = {isa = PBXFileReference; lastKnownFileType = file; path = "Lora-BoldItalic.ttf"; sourceTree = "<group>"; };
		CE853B452C3C1F3E008CF20B /* Lora-SemiBoldItalic.ttf */ = {isa = PBXFileReference; lastKnownFileType = file; path = "Lora-SemiBoldItalic.ttf"; sourceTree = "<group>"; };
		CEC321582C36CFFB00941979 /* LandingPage.swift */ = {isa = PBXFileReference; lastKnownFileType = sourcecode.swift; path = LandingPage.swift; sourceTree = "<group>"; };
		CEE89F612C36E603005615B6 /* String+Extension.swift */ = {isa = PBXFileReference; lastKnownFileType = sourcecode.swift; path = "String+Extension.swift"; sourceTree = "<group>"; };
		CEE89F642C36E6C1005615B6 /* HouseModel.swift */ = {isa = PBXFileReference; lastKnownFileType = sourcecode.swift; path = HouseModel.swift; sourceTree = "<group>"; };
		CEE89F692C36F62F005615B6 /* View+Extension.swift */ = {isa = PBXFileReference; lastKnownFileType = sourcecode.swift; path = "View+Extension.swift"; sourceTree = "<group>"; };
		CEE89F772C36FBE6005615B6 /* Font+Extension.swift */ = {isa = PBXFileReference; lastKnownFileType = sourcecode.swift; path = "Font+Extension.swift"; sourceTree = "<group>"; };
		CEE89F792C36FE87005615B6 /* Info.plist */ = {isa = PBXFileReference; lastKnownFileType = text.plist; path = Info.plist; sourceTree = "<group>"; };
/* End PBXFileReference section */

/* Begin PBXFrameworksBuildPhase section */
		B214ACEE2C35740100A362EB /* Frameworks */ = {
			isa = PBXFrameworksBuildPhase;
			buildActionMask = 2147483647;
			files = (
			);
			runOnlyForDeploymentPostprocessing = 0;
		};
		B214ACFE2C35740300A362EB /* Frameworks */ = {
			isa = PBXFrameworksBuildPhase;
			buildActionMask = 2147483647;
			files = (
			);
			runOnlyForDeploymentPostprocessing = 0;
		};
		B214AD082C35740300A362EB /* Frameworks */ = {
			isa = PBXFrameworksBuildPhase;
			buildActionMask = 2147483647;
			files = (
			);
			runOnlyForDeploymentPostprocessing = 0;
		};
/* End PBXFrameworksBuildPhase section */

/* Begin PBXGroup section */
		3F23E0132C3D58EF00EBC68D /* ReviewPage */ = {
			isa = PBXGroup;
			children = (
				3F23E0162C3D5B4500EBC68D /* Components */,
				3F23E0142C3D590700EBC68D /* ReviewPage.swift */,
			);
			path = ReviewPage;
			sourceTree = "<group>";
		};
		3F23E0162C3D5B4500EBC68D /* Components */ = {
			isa = PBXGroup;
			children = (
				3F23E0172C3D5B8200EBC68D /* ReviewTimer.swift */,
				3F23E0192C3D7F6100EBC68D /* CardPotion.swift */,
				3F23E01B2C3D7FAC00EBC68D /* CardIngredient.swift */,
			);
			path = Components;
			sourceTree = "<group>";
		};
		3F5482C92C400C4000DD9020 /* GamePage */ = {
			isa = PBXGroup;
			children = (
				3F5482CA2C400C6C00DD9020 /* GamePage.swift */,
				3F7B40BD2C402CFF0063312C /* IngredientsContainer.swift */,
			);
			path = GamePage;
			sourceTree = "<group>";
		};
		B214ACE82C35740100A362EB = {
			isa = PBXGroup;
			children = (
				B214ACF32C35740100A362EB /* gameHarry-API */,
				B214ACF42C35740100A362EB /* gameHarry_APIApp.swift */,
				B214AD042C35740300A362EB /* gameHarry-APITests */,
				B214AD0E2C35740300A362EB /* gameHarry-APIUITests */,
				B214ACF22C35740100A362EB /* Products */,
			);
			sourceTree = "<group>";
		};
		B214ACF22C35740100A362EB /* Products */ = {
			isa = PBXGroup;
			children = (
				B214ACF12C35740100A362EB /* gameHarry-API.app */,
				B214AD012C35740300A362EB /* gameHarry-APITests.xctest */,
				B214AD0B2C35740300A362EB /* gameHarry-APIUITests.xctest */,
			);
			name = Products;
			sourceTree = "<group>";
		};
		B214ACF32C35740100A362EB /* gameHarry-API */ = {
			isa = PBXGroup;
			children = (
				CEE89F792C36FE87005615B6 /* Info.plist */,
				B214ACFA2C35740200A362EB /* Preview Content */,
				CEC3215A2C36D79200941979 /* Resources */,
				CEE89F5B2C36E4F4005615B6 /* Utils */,
				CEE89F662C36E714005615B6 /* Services */,
				CEE89F632C36E6AF005615B6 /* Models */,
				B214AD2D2C35901B00A362EB /* Views */,
				B214AD2E2C35901F00A362EB /* ViewModels */,
			);
			path = "gameHarry-API";
			sourceTree = "<group>";
		};
		B214ACFA2C35740200A362EB /* Preview Content */ = {
			isa = PBXGroup;
			children = (
				B214ACFB2C35740200A362EB /* Preview Assets.xcassets */,
			);
			path = "Preview Content";
			sourceTree = "<group>";
		};
		B214AD042C35740300A362EB /* gameHarry-APITests */ = {
			isa = PBXGroup;
			children = (
				B214AD052C35740300A362EB /* gameHarry_APITests.swift */,
			);
			path = "gameHarry-APITests";
			sourceTree = "<group>";
		};
		B214AD0E2C35740300A362EB /* gameHarry-APIUITests */ = {
			isa = PBXGroup;
			children = (
				B214AD0F2C35740300A362EB /* gameHarry_APIUITests.swift */,
				B214AD112C35740300A362EB /* gameHarry_APIUITestsLaunchTests.swift */,
			);
			path = "gameHarry-APIUITests";
			sourceTree = "<group>";
		};
		B214AD1E2C357BD800A362EB /* API */ = {
			isa = PBXGroup;
			children = (
				B214AD1F2C357BE700A362EB /* Apiservice.swift */,
			);
			path = API;
			sourceTree = "<group>";
		};
		B214AD2D2C35901B00A362EB /* Views */ = {
			isa = PBXGroup;
			children = (
				3F5482C92C400C4000DD9020 /* GamePage */,
				3F23E0132C3D58EF00EBC68D /* ReviewPage */,
				CE3228062C382D9100F3E8D8 /* WikiPage */,
				CEE89F5F2C36E5A4005615B6 /* WelcomePage */,
				B214AD332C35931300A362EB /* SettingsPage.swift */,
				CEE89F672C36F550005615B6 /* LandingPage */,
			);
			path = Views;
			sourceTree = "<group>";
		};
		B214AD2E2C35901F00A362EB /* ViewModels */ = {
			isa = PBXGroup;
			children = (
				CE3228042C382D5200F3E8D8 /* HouseViewmodel.swift */,
				B2BDD1092C3D7CA300474C6A /* WikiViewmodel.swift */,
				3F63E7FF2C3EAA6C00A500BA /* ElixirViewModel.swift */,
			);
			path = ViewModels;
			sourceTree = "<group>";
		};
		CE3228062C382D9100F3E8D8 /* WikiPage */ = {
			isa = PBXGroup;
			children = (
				CE3228072C382DA800F3E8D8 /* WikiPage.swift */,
				CE3228092C383A0400F3E8D8 /* Components */,
			);
			path = WikiPage;
			sourceTree = "<group>";
		};
		CE3228092C383A0400F3E8D8 /* Components */ = {
			isa = PBXGroup;
			children = (
				B2B6591A2C3C250C00682D91 /* SearchBar.swift */,
				B2C4E0522C3EB52A00065304 /* CardView.swift */,
			);
			path = Components;
			sourceTree = "<group>";
		};
		CE32280A2C3C098A00F3E8D8 /* Factory */ = {
			isa = PBXGroup;
			children = (
				CE32280B2C3C099D00F3E8D8 /* WikiPageFactory.swift */,
			);
			path = Factory;
			sourceTree = "<group>";
		};
		CEC3215A2C36D79200941979 /* Resources */ = {
			isa = PBXGroup;
			children = (
				CEC3215B2C36D7B400941979 /* fonts */,
				B214ACF82C35740200A362EB /* Assets.xcassets */,
			);
			path = Resources;
			sourceTree = "<group>";
		};
		CEC3215B2C36D7B400941979 /* fonts */ = {
			isa = PBXGroup;
			children = (
				CE853B3E2C3C1F3D008CF20B /* Lora-Bold.ttf */,
				CE853B442C3C1F3E008CF20B /* Lora-BoldItalic.ttf */,
				CE853B422C3C1F3E008CF20B /* Lora-Italic.ttf */,
				CE853B412C3C1F3E008CF20B /* Lora-Medium.ttf */,
				CE853B432C3C1F3E008CF20B /* Lora-MediumItalic.ttf */,
				CE853B402C3C1F3E008CF20B /* Lora-Regular.ttf */,
				CE853B3F2C3C1F3E008CF20B /* Lora-SemiBold.ttf */,
				CE853B452C3C1F3E008CF20B /* Lora-SemiBoldItalic.ttf */,
				CE853B392C3C1ED9008CF20B /* CinzelDecorative-Black.ttf */,
				CE853B3A2C3C1ED9008CF20B /* CinzelDecorative-Bold.ttf */,
				CE853B382C3C1ED9008CF20B /* CinzelDecorative-Regular.ttf */,
				CE853B362C3C1EBE008CF20B /* Cinzel-VariableFont_wght.ttf */,
			);
			path = fonts;
			sourceTree = "<group>";
		};
		CEE89F5B2C36E4F4005615B6 /* Utils */ = {
			isa = PBXGroup;
			children = (
				CE32280A2C3C098A00F3E8D8 /* Factory */,
				CEE89F5E2C36E51E005615B6 /* Styles */,
				CEE89F5D2C36E50E005615B6 /* GeneralComponents */,
				CEE89F5C2C36E4FC005615B6 /* Extensions */,
			);
			path = Utils;
			sourceTree = "<group>";
		};
		CEE89F5C2C36E4FC005615B6 /* Extensions */ = {
			isa = PBXGroup;
			children = (
				CE853AFE2C3C1C0B008CF20B /* Text+Extension.swift */,
				CEE89F692C36F62F005615B6 /* View+Extension.swift */,
				CEE89F612C36E603005615B6 /* String+Extension.swift */,
				CEE89F772C36FBE6005615B6 /* Font+Extension.swift */,
				3F5482CE2C40226400DD9020 /* UTType+Extension.swift */,
			);
			path = Extensions;
			sourceTree = "<group>";
		};
		CEE89F5D2C36E50E005615B6 /* GeneralComponents */ = {
			isa = PBXGroup;
			children = (
			);
			path = GeneralComponents;
			sourceTree = "<group>";
		};
		CEE89F5E2C36E51E005615B6 /* Styles */ = {
			isa = PBXGroup;
			children = (
				CE32280D2C3C0A7400F3E8D8 /* PrimaryButton.swift */,
			);
			path = Styles;
			sourceTree = "<group>";
		};
		CEE89F5F2C36E5A4005615B6 /* WelcomePage */ = {
			isa = PBXGroup;
			children = (
				B214AD2F2C35903800A362EB /* WelcomePage.swift */,
				CEE89F602C36E5AE005615B6 /* Components */,
			);
			path = WelcomePage;
			sourceTree = "<group>";
		};
		CEE89F602C36E5AE005615B6 /* Components */ = {
			isa = PBXGroup;
			children = (
			);
			path = Components;
			sourceTree = "<group>";
		};
		CEE89F632C36E6AF005615B6 /* Models */ = {
			isa = PBXGroup;
			children = (
				CEE89F642C36E6C1005615B6 /* HouseModel.swift */,
				B2BDD10D2C3DB85100474C6A /* SpellsModel.swift */,
				B2BDD10F2C3DB86C00474C6A /* WizardModel.swift */,
				B2C4E0502C3EA59600065304 /* PotionsModel.swift */,
				3FC81FD82C3DB9CE00BF2803 /* Potion.swift */,
				3FC81FDA2C3DBE0C00BF2803 /* IngredientModel.swift */,
			);
			path = Models;
			sourceTree = "<group>";
		};
		CEE89F662C36E714005615B6 /* Services */ = {
			isa = PBXGroup;
			children = (
				B214AD1E2C357BD800A362EB /* API */,
			);
			path = Services;
			sourceTree = "<group>";
		};
		CEE89F672C36F550005615B6 /* LandingPage */ = {
			isa = PBXGroup;
			children = (
				CEC321582C36CFFB00941979 /* LandingPage.swift */,
				CEE89F682C36F55B005615B6 /* Components */,
			);
			path = LandingPage;
			sourceTree = "<group>";
		};
		CEE89F682C36F55B005615B6 /* Components */ = {
			isa = PBXGroup;
			children = (
				CE853AFA2C3C1AFA008CF20B /* TextShimmer.swift */,
				CE853AFC2C3C1BD2008CF20B /* RoundedImage.swift */,
			);
			path = Components;
			sourceTree = "<group>";
		};
/* End PBXGroup section */

/* Begin PBXNativeTarget section */
		B214ACF02C35740100A362EB /* gameHarry-API */ = {
			isa = PBXNativeTarget;
			buildConfigurationList = B214AD152C35740300A362EB /* Build configuration list for PBXNativeTarget "gameHarry-API" */;
			buildPhases = (
				B214ACED2C35740100A362EB /* Sources */,
				B214ACEE2C35740100A362EB /* Frameworks */,
				B214ACEF2C35740100A362EB /* Resources */,
			);
			buildRules = (
			);
			dependencies = (
			);
			name = "gameHarry-API";
			productName = "gameHarry-API";
			productReference = B214ACF12C35740100A362EB /* gameHarry-API.app */;
			productType = "com.apple.product-type.application";
		};
		B214AD002C35740300A362EB /* gameHarry-APITests */ = {
			isa = PBXNativeTarget;
			buildConfigurationList = B214AD182C35740300A362EB /* Build configuration list for PBXNativeTarget "gameHarry-APITests" */;
			buildPhases = (
				B214ACFD2C35740300A362EB /* Sources */,
				B214ACFE2C35740300A362EB /* Frameworks */,
				B214ACFF2C35740300A362EB /* Resources */,
			);
			buildRules = (
			);
			dependencies = (
				B214AD032C35740300A362EB /* PBXTargetDependency */,
			);
			name = "gameHarry-APITests";
			productName = "gameHarry-APITests";
			productReference = B214AD012C35740300A362EB /* gameHarry-APITests.xctest */;
			productType = "com.apple.product-type.bundle.unit-test";
		};
		B214AD0A2C35740300A362EB /* gameHarry-APIUITests */ = {
			isa = PBXNativeTarget;
			buildConfigurationList = B214AD1B2C35740300A362EB /* Build configuration list for PBXNativeTarget "gameHarry-APIUITests" */;
			buildPhases = (
				B214AD072C35740300A362EB /* Sources */,
				B214AD082C35740300A362EB /* Frameworks */,
				B214AD092C35740300A362EB /* Resources */,
			);
			buildRules = (
			);
			dependencies = (
				B214AD0D2C35740300A362EB /* PBXTargetDependency */,
			);
			name = "gameHarry-APIUITests";
			productName = "gameHarry-APIUITests";
			productReference = B214AD0B2C35740300A362EB /* gameHarry-APIUITests.xctest */;
			productType = "com.apple.product-type.bundle.ui-testing";
		};
/* End PBXNativeTarget section */

/* Begin PBXProject section */
		B214ACE92C35740100A362EB /* Project object */ = {
			isa = PBXProject;
			attributes = {
				BuildIndependentTargetsInParallel = 1;
				LastSwiftUpdateCheck = 1540;
				LastUpgradeCheck = 1540;
				TargetAttributes = {
					B214ACF02C35740100A362EB = {
						CreatedOnToolsVersion = 15.4;
					};
					B214AD002C35740300A362EB = {
						CreatedOnToolsVersion = 15.4;
						TestTargetID = B214ACF02C35740100A362EB;
					};
					B214AD0A2C35740300A362EB = {
						CreatedOnToolsVersion = 15.4;
						TestTargetID = B214ACF02C35740100A362EB;
					};
				};
			};
			buildConfigurationList = B214ACEC2C35740100A362EB /* Build configuration list for PBXProject "gameHarry-API" */;
			compatibilityVersion = "Xcode 14.0";
			developmentRegion = en;
			hasScannedForEncodings = 0;
			knownRegions = (
				en,
				Base,
			);
			mainGroup = B214ACE82C35740100A362EB;
			productRefGroup = B214ACF22C35740100A362EB /* Products */;
			projectDirPath = "";
			projectRoot = "";
			targets = (
				B214ACF02C35740100A362EB /* gameHarry-API */,
				B214AD002C35740300A362EB /* gameHarry-APITests */,
				B214AD0A2C35740300A362EB /* gameHarry-APIUITests */,
			);
		};
/* End PBXProject section */

/* Begin PBXResourcesBuildPhase section */
		B214ACEF2C35740100A362EB /* Resources */ = {
			isa = PBXResourcesBuildPhase;
			buildActionMask = 2147483647;
			files = (
				CE853B3D2C3C1ED9008CF20B /* CinzelDecorative-Bold.ttf in Resources */,
				CE853B462C3C2301008CF20B /* Lora-BoldItalic.ttf in Resources */,
				CE853B472C3C2301008CF20B /* Lora-Regular.ttf in Resources */,
				CE853B482C3C2301008CF20B /* Lora-Bold.ttf in Resources */,
				CE853B492C3C2301008CF20B /* Lora-SemiBoldItalic.ttf in Resources */,
				CE853B4A2C3C2301008CF20B /* Lora-Medium.ttf in Resources */,
				CE853B4B2C3C2301008CF20B /* Lora-Italic.ttf in Resources */,
				CE853B4C2C3C2301008CF20B /* Lora-MediumItalic.ttf in Resources */,
				CE853B4D2C3C2301008CF20B /* Lora-SemiBold.ttf in Resources */,
				CE853B372C3C1EBE008CF20B /* Cinzel-VariableFont_wght.ttf in Resources */,
				B214ACFC2C35740200A362EB /* Preview Assets.xcassets in Resources */,
				CE853B3C2C3C1ED9008CF20B /* CinzelDecorative-Black.ttf in Resources */,
				CE853B3B2C3C1ED9008CF20B /* CinzelDecorative-Regular.ttf in Resources */,
				B214ACF92C35740200A362EB /* Assets.xcassets in Resources */,
			);
			runOnlyForDeploymentPostprocessing = 0;
		};
		B214ACFF2C35740300A362EB /* Resources */ = {
			isa = PBXResourcesBuildPhase;
			buildActionMask = 2147483647;
			files = (
			);
			runOnlyForDeploymentPostprocessing = 0;
		};
		B214AD092C35740300A362EB /* Resources */ = {
			isa = PBXResourcesBuildPhase;
			buildActionMask = 2147483647;
			files = (
			);
			runOnlyForDeploymentPostprocessing = 0;
		};
/* End PBXResourcesBuildPhase section */

/* Begin PBXSourcesBuildPhase section */
		B214ACED2C35740100A362EB /* Sources */ = {
			isa = PBXSourcesBuildPhase;
			buildActionMask = 2147483647;
			files = (
				B2BDD10E2C3DB85100474C6A /* SpellsModel.swift in Sources */,
				CEE89F622C36E603005615B6 /* String+Extension.swift in Sources */,
				B2BDD10A2C3D7CA300474C6A /* WikiViewmodel.swift in Sources */,
				B214AD302C35903800A362EB /* WelcomePage.swift in Sources */,
				3F23E01C2C3D7FAC00EBC68D /* CardIngredient.swift in Sources */,
				3F23E01A2C3D7F6100EBC68D /* CardPotion.swift in Sources */,
				CE3228082C382DA800F3E8D8 /* WikiPage.swift in Sources */,
				3F23E0152C3D590700EBC68D /* ReviewPage.swift in Sources */,
				CEC321592C36CFFB00941979 /* LandingPage.swift in Sources */,
				3F23E0182C3D5B8200EBC68D /* ReviewTimer.swift in Sources */,
				B214ACF52C35740100A362EB /* gameHarry_APIApp.swift in Sources */,
				3F63E8002C3EAA6C00A500BA /* ElixirViewModel.swift in Sources */,
				3FC81FD92C3DB9CE00BF2803 /* Potion.swift in Sources */,
				CE32280E2C3C0A7400F3E8D8 /* PrimaryButton.swift in Sources */,
				CE853AFB2C3C1AFA008CF20B /* TextShimmer.swift in Sources */,
				3FC81FDB2C3DBE0C00BF2803 /* IngredientModel.swift in Sources */,
				CE32280C2C3C099D00F3E8D8 /* WikiPageFactory.swift in Sources */,
				B2C4E0512C3EA59600065304 /* PotionsModel.swift in Sources */,
				CEE89F6A2C36F62F005615B6 /* View+Extension.swift in Sources */,
				CEE89F782C36FBE6005615B6 /* Font+Extension.swift in Sources */,
				3F7B40BE2C402CFF0063312C /* IngredientsContainer.swift in Sources */,
				B214AD202C357BE700A362EB /* Apiservice.swift in Sources */,
				CEE89F652C36E6C1005615B6 /* HouseModel.swift in Sources */,
				CE853AFF2C3C1C0B008CF20B /* Text+Extension.swift in Sources */,
				B2BDD1102C3DB86C00474C6A /* WizardModel.swift in Sources */,
				CE853AFD2C3C1BD2008CF20B /* RoundedImage.swift in Sources */,
				B214AD342C35931300A362EB /* SettingsPage.swift in Sources */,
				3F5482CB2C400C6C00DD9020 /* GamePage.swift in Sources */,
				B2B6591B2C3C250C00682D91 /* SearchBar.swift in Sources */,
				B2C4E0532C3EB52A00065304 /* CardView.swift in Sources */,
				3F5482CF2C40226400DD9020 /* UTType+Extension.swift in Sources */,
				CE3228052C382D5200F3E8D8 /* HouseViewmodel.swift in Sources */,
			);
			runOnlyForDeploymentPostprocessing = 0;
		};
		B214ACFD2C35740300A362EB /* Sources */ = {
			isa = PBXSourcesBuildPhase;
			buildActionMask = 2147483647;
			files = (
				B214AD062C35740300A362EB /* gameHarry_APITests.swift in Sources */,
			);
			runOnlyForDeploymentPostprocessing = 0;
		};
		B214AD072C35740300A362EB /* Sources */ = {
			isa = PBXSourcesBuildPhase;
			buildActionMask = 2147483647;
			files = (
				B214AD122C35740300A362EB /* gameHarry_APIUITestsLaunchTests.swift in Sources */,
				B214AD102C35740300A362EB /* gameHarry_APIUITests.swift in Sources */,
			);
			runOnlyForDeploymentPostprocessing = 0;
		};
/* End PBXSourcesBuildPhase section */

/* Begin PBXTargetDependency section */
		B214AD032C35740300A362EB /* PBXTargetDependency */ = {
			isa = PBXTargetDependency;
			target = B214ACF02C35740100A362EB /* gameHarry-API */;
			targetProxy = B214AD022C35740300A362EB /* PBXContainerItemProxy */;
		};
		B214AD0D2C35740300A362EB /* PBXTargetDependency */ = {
			isa = PBXTargetDependency;
			target = B214ACF02C35740100A362EB /* gameHarry-API */;
			targetProxy = B214AD0C2C35740300A362EB /* PBXContainerItemProxy */;
		};
/* End PBXTargetDependency section */

/* Begin XCBuildConfiguration section */
		B214AD132C35740300A362EB /* Debug */ = {
			isa = XCBuildConfiguration;
			buildSettings = {
				ALWAYS_SEARCH_USER_PATHS = NO;
				ASSETCATALOG_COMPILER_GENERATE_SWIFT_ASSET_SYMBOL_EXTENSIONS = YES;
				CLANG_ANALYZER_NONNULL = YES;
				CLANG_ANALYZER_NUMBER_OBJECT_CONVERSION = YES_AGGRESSIVE;
				CLANG_CXX_LANGUAGE_STANDARD = "gnu++20";
				CLANG_ENABLE_MODULES = YES;
				CLANG_ENABLE_OBJC_ARC = YES;
				CLANG_ENABLE_OBJC_WEAK = YES;
				CLANG_WARN_BLOCK_CAPTURE_AUTORELEASING = YES;
				CLANG_WARN_BOOL_CONVERSION = YES;
				CLANG_WARN_COMMA = YES;
				CLANG_WARN_CONSTANT_CONVERSION = YES;
				CLANG_WARN_DEPRECATED_OBJC_IMPLEMENTATIONS = YES;
				CLANG_WARN_DIRECT_OBJC_ISA_USAGE = YES_ERROR;
				CLANG_WARN_DOCUMENTATION_COMMENTS = YES;
				CLANG_WARN_EMPTY_BODY = YES;
				CLANG_WARN_ENUM_CONVERSION = YES;
				CLANG_WARN_INFINITE_RECURSION = YES;
				CLANG_WARN_INT_CONVERSION = YES;
				CLANG_WARN_NON_LITERAL_NULL_CONVERSION = YES;
				CLANG_WARN_OBJC_IMPLICIT_RETAIN_SELF = YES;
				CLANG_WARN_OBJC_LITERAL_CONVERSION = YES;
				CLANG_WARN_OBJC_ROOT_CLASS = YES_ERROR;
				CLANG_WARN_QUOTED_INCLUDE_IN_FRAMEWORK_HEADER = YES;
				CLANG_WARN_RANGE_LOOP_ANALYSIS = YES;
				CLANG_WARN_STRICT_PROTOTYPES = YES;
				CLANG_WARN_SUSPICIOUS_MOVE = YES;
				CLANG_WARN_UNGUARDED_AVAILABILITY = YES_AGGRESSIVE;
				CLANG_WARN_UNREACHABLE_CODE = YES;
				CLANG_WARN__DUPLICATE_METHOD_MATCH = YES;
				COPY_PHASE_STRIP = NO;
				DEBUG_INFORMATION_FORMAT = dwarf;
				ENABLE_STRICT_OBJC_MSGSEND = YES;
				ENABLE_TESTABILITY = YES;
				ENABLE_USER_SCRIPT_SANDBOXING = YES;
				GCC_C_LANGUAGE_STANDARD = gnu17;
				GCC_DYNAMIC_NO_PIC = NO;
				GCC_NO_COMMON_BLOCKS = YES;
				GCC_OPTIMIZATION_LEVEL = 0;
				GCC_PREPROCESSOR_DEFINITIONS = (
					"DEBUG=1",
					"$(inherited)",
				);
				GCC_WARN_64_TO_32_BIT_CONVERSION = YES;
				GCC_WARN_ABOUT_RETURN_TYPE = YES_ERROR;
				GCC_WARN_UNDECLARED_SELECTOR = YES;
				GCC_WARN_UNINITIALIZED_AUTOS = YES_AGGRESSIVE;
				GCC_WARN_UNUSED_FUNCTION = YES;
				GCC_WARN_UNUSED_VARIABLE = YES;
				IPHONEOS_DEPLOYMENT_TARGET = 17.5;
				LOCALIZATION_PREFERS_STRING_CATALOGS = YES;
				MTL_ENABLE_DEBUG_INFO = INCLUDE_SOURCE;
				MTL_FAST_MATH = YES;
				ONLY_ACTIVE_ARCH = YES;
				SDKROOT = iphoneos;
				SWIFT_ACTIVE_COMPILATION_CONDITIONS = "DEBUG $(inherited)";
				SWIFT_OPTIMIZATION_LEVEL = "-Onone";
			};
			name = Debug;
		};
		B214AD142C35740300A362EB /* Release */ = {
			isa = XCBuildConfiguration;
			buildSettings = {
				ALWAYS_SEARCH_USER_PATHS = NO;
				ASSETCATALOG_COMPILER_GENERATE_SWIFT_ASSET_SYMBOL_EXTENSIONS = YES;
				CLANG_ANALYZER_NONNULL = YES;
				CLANG_ANALYZER_NUMBER_OBJECT_CONVERSION = YES_AGGRESSIVE;
				CLANG_CXX_LANGUAGE_STANDARD = "gnu++20";
				CLANG_ENABLE_MODULES = YES;
				CLANG_ENABLE_OBJC_ARC = YES;
				CLANG_ENABLE_OBJC_WEAK = YES;
				CLANG_WARN_BLOCK_CAPTURE_AUTORELEASING = YES;
				CLANG_WARN_BOOL_CONVERSION = YES;
				CLANG_WARN_COMMA = YES;
				CLANG_WARN_CONSTANT_CONVERSION = YES;
				CLANG_WARN_DEPRECATED_OBJC_IMPLEMENTATIONS = YES;
				CLANG_WARN_DIRECT_OBJC_ISA_USAGE = YES_ERROR;
				CLANG_WARN_DOCUMENTATION_COMMENTS = YES;
				CLANG_WARN_EMPTY_BODY = YES;
				CLANG_WARN_ENUM_CONVERSION = YES;
				CLANG_WARN_INFINITE_RECURSION = YES;
				CLANG_WARN_INT_CONVERSION = YES;
				CLANG_WARN_NON_LITERAL_NULL_CONVERSION = YES;
				CLANG_WARN_OBJC_IMPLICIT_RETAIN_SELF = YES;
				CLANG_WARN_OBJC_LITERAL_CONVERSION = YES;
				CLANG_WARN_OBJC_ROOT_CLASS = YES_ERROR;
				CLANG_WARN_QUOTED_INCLUDE_IN_FRAMEWORK_HEADER = YES;
				CLANG_WARN_RANGE_LOOP_ANALYSIS = YES;
				CLANG_WARN_STRICT_PROTOTYPES = YES;
				CLANG_WARN_SUSPICIOUS_MOVE = YES;
				CLANG_WARN_UNGUARDED_AVAILABILITY = YES_AGGRESSIVE;
				CLANG_WARN_UNREACHABLE_CODE = YES;
				CLANG_WARN__DUPLICATE_METHOD_MATCH = YES;
				COPY_PHASE_STRIP = NO;
				DEBUG_INFORMATION_FORMAT = "dwarf-with-dsym";
				ENABLE_NS_ASSERTIONS = NO;
				ENABLE_STRICT_OBJC_MSGSEND = YES;
				ENABLE_USER_SCRIPT_SANDBOXING = YES;
				GCC_C_LANGUAGE_STANDARD = gnu17;
				GCC_NO_COMMON_BLOCKS = YES;
				GCC_WARN_64_TO_32_BIT_CONVERSION = YES;
				GCC_WARN_ABOUT_RETURN_TYPE = YES_ERROR;
				GCC_WARN_UNDECLARED_SELECTOR = YES;
				GCC_WARN_UNINITIALIZED_AUTOS = YES_AGGRESSIVE;
				GCC_WARN_UNUSED_FUNCTION = YES;
				GCC_WARN_UNUSED_VARIABLE = YES;
				IPHONEOS_DEPLOYMENT_TARGET = 17.5;
				LOCALIZATION_PREFERS_STRING_CATALOGS = YES;
				MTL_ENABLE_DEBUG_INFO = NO;
				MTL_FAST_MATH = YES;
				SDKROOT = iphoneos;
				SWIFT_COMPILATION_MODE = wholemodule;
				VALIDATE_PRODUCT = YES;
			};
			name = Release;
		};
		B214AD162C35740300A362EB /* Debug */ = {
			isa = XCBuildConfiguration;
			buildSettings = {
				ASSETCATALOG_COMPILER_APPICON_NAME = AppIcon;
				ASSETCATALOG_COMPILER_GLOBAL_ACCENT_COLOR_NAME = AccentColor;
				CODE_SIGN_STYLE = Automatic;
				CURRENT_PROJECT_VERSION = 1;
				DEVELOPMENT_ASSET_PATHS = "\"gameHarry-API/Preview Content\"";
				DEVELOPMENT_TEAM = 44U668YQTW;
				ENABLE_PREVIEWS = YES;
				GENERATE_INFOPLIST_FILE = YES;
				INFOPLIST_FILE = "gameHarry-API/Info.plist";
				INFOPLIST_KEY_UIApplicationSceneManifest_Generation = YES;
				INFOPLIST_KEY_UIApplicationSupportsIndirectInputEvents = YES;
				INFOPLIST_KEY_UILaunchScreen_Generation = YES;
				INFOPLIST_KEY_UISupportedInterfaceOrientations_iPad = "UIInterfaceOrientationPortrait UIInterfaceOrientationPortraitUpsideDown UIInterfaceOrientationLandscapeLeft UIInterfaceOrientationLandscapeRight";
				INFOPLIST_KEY_UISupportedInterfaceOrientations_iPhone = "UIInterfaceOrientationPortrait UIInterfaceOrientationLandscapeLeft UIInterfaceOrientationLandscapeRight";
				IPHONEOS_DEPLOYMENT_TARGET = 17.0;
				LD_RUNPATH_SEARCH_PATHS = (
					"$(inherited)",
					"@executable_path/Frameworks",
				);
				MARKETING_VERSION = 1.0;
				PRODUCT_BUNDLE_IDENTIFIER = "Challenge.gameHarry-API";
				PRODUCT_NAME = "$(TARGET_NAME)";
				SWIFT_EMIT_LOC_STRINGS = YES;
				SWIFT_VERSION = 5.0;
				TARGETED_DEVICE_FAMILY = "1,2";
			};
			name = Debug;
		};
		B214AD172C35740300A362EB /* Release */ = {
			isa = XCBuildConfiguration;
			buildSettings = {
				ASSETCATALOG_COMPILER_APPICON_NAME = AppIcon;
				ASSETCATALOG_COMPILER_GLOBAL_ACCENT_COLOR_NAME = AccentColor;
				CODE_SIGN_STYLE = Automatic;
				CURRENT_PROJECT_VERSION = 1;
				DEVELOPMENT_ASSET_PATHS = "\"gameHarry-API/Preview Content\"";
				DEVELOPMENT_TEAM = 44U668YQTW;
				ENABLE_PREVIEWS = YES;
				GENERATE_INFOPLIST_FILE = YES;
				INFOPLIST_FILE = "gameHarry-API/Info.plist";
				INFOPLIST_KEY_UIApplicationSceneManifest_Generation = YES;
				INFOPLIST_KEY_UIApplicationSupportsIndirectInputEvents = YES;
				INFOPLIST_KEY_UILaunchScreen_Generation = YES;
				INFOPLIST_KEY_UISupportedInterfaceOrientations_iPad = "UIInterfaceOrientationPortrait UIInterfaceOrientationPortraitUpsideDown UIInterfaceOrientationLandscapeLeft UIInterfaceOrientationLandscapeRight";
				INFOPLIST_KEY_UISupportedInterfaceOrientations_iPhone = "UIInterfaceOrientationPortrait UIInterfaceOrientationLandscapeLeft UIInterfaceOrientationLandscapeRight";
				IPHONEOS_DEPLOYMENT_TARGET = 17.0;
				LD_RUNPATH_SEARCH_PATHS = (
					"$(inherited)",
					"@executable_path/Frameworks",
				);
				MARKETING_VERSION = 1.0;
				PRODUCT_BUNDLE_IDENTIFIER = "Challenge.gameHarry-API";
				PRODUCT_NAME = "$(TARGET_NAME)";
				SWIFT_EMIT_LOC_STRINGS = YES;
				SWIFT_VERSION = 5.0;
				TARGETED_DEVICE_FAMILY = "1,2";
			};
			name = Release;
		};
		B214AD192C35740300A362EB /* Debug */ = {
			isa = XCBuildConfiguration;
			buildSettings = {
				ALWAYS_EMBED_SWIFT_STANDARD_LIBRARIES = YES;
				BUNDLE_LOADER = "$(TEST_HOST)";
				CODE_SIGN_STYLE = Automatic;
				CURRENT_PROJECT_VERSION = 1;
				DEVELOPMENT_TEAM = 44U668YQTW;
				GENERATE_INFOPLIST_FILE = YES;
				IPHONEOS_DEPLOYMENT_TARGET = 17.0;
				MARKETING_VERSION = 1.0;
				PRODUCT_BUNDLE_IDENTIFIER = "Challenge.gameHarry-APITests";
				PRODUCT_NAME = "$(TARGET_NAME)";
				SWIFT_EMIT_LOC_STRINGS = NO;
				SWIFT_VERSION = 5.0;
				TARGETED_DEVICE_FAMILY = "1,2";
				TEST_HOST = "$(BUILT_PRODUCTS_DIR)/gameHarry-API.app/$(BUNDLE_EXECUTABLE_FOLDER_PATH)/gameHarry-API";
			};
			name = Debug;
		};
		B214AD1A2C35740300A362EB /* Release */ = {
			isa = XCBuildConfiguration;
			buildSettings = {
				ALWAYS_EMBED_SWIFT_STANDARD_LIBRARIES = YES;
				BUNDLE_LOADER = "$(TEST_HOST)";
				CODE_SIGN_STYLE = Automatic;
				CURRENT_PROJECT_VERSION = 1;
				DEVELOPMENT_TEAM = 44U668YQTW;
				GENERATE_INFOPLIST_FILE = YES;
				IPHONEOS_DEPLOYMENT_TARGET = 17.0;
				MARKETING_VERSION = 1.0;
				PRODUCT_BUNDLE_IDENTIFIER = "Challenge.gameHarry-APITests";
				PRODUCT_NAME = "$(TARGET_NAME)";
				SWIFT_EMIT_LOC_STRINGS = NO;
				SWIFT_VERSION = 5.0;
				TARGETED_DEVICE_FAMILY = "1,2";
				TEST_HOST = "$(BUILT_PRODUCTS_DIR)/gameHarry-API.app/$(BUNDLE_EXECUTABLE_FOLDER_PATH)/gameHarry-API";
			};
			name = Release;
		};
		B214AD1C2C35740300A362EB /* Debug */ = {
			isa = XCBuildConfiguration;
			buildSettings = {
				ALWAYS_EMBED_SWIFT_STANDARD_LIBRARIES = YES;
				CODE_SIGN_STYLE = Automatic;
				CURRENT_PROJECT_VERSION = 1;
				GENERATE_INFOPLIST_FILE = YES;
				MARKETING_VERSION = 1.0;
				PRODUCT_BUNDLE_IDENTIFIER = "Challenge.gameHarry-APIUITests";
				PRODUCT_NAME = "$(TARGET_NAME)";
				SWIFT_EMIT_LOC_STRINGS = NO;
				SWIFT_VERSION = 5.0;
				TARGETED_DEVICE_FAMILY = "1,2";
				TEST_TARGET_NAME = "gameHarry-API";
			};
			name = Debug;
		};
		B214AD1D2C35740300A362EB /* Release */ = {
			isa = XCBuildConfiguration;
			buildSettings = {
				ALWAYS_EMBED_SWIFT_STANDARD_LIBRARIES = YES;
				CODE_SIGN_STYLE = Automatic;
				CURRENT_PROJECT_VERSION = 1;
				GENERATE_INFOPLIST_FILE = YES;
				MARKETING_VERSION = 1.0;
				PRODUCT_BUNDLE_IDENTIFIER = "Challenge.gameHarry-APIUITests";
				PRODUCT_NAME = "$(TARGET_NAME)";
				SWIFT_EMIT_LOC_STRINGS = NO;
				SWIFT_VERSION = 5.0;
				TARGETED_DEVICE_FAMILY = "1,2";
				TEST_TARGET_NAME = "gameHarry-API";
			};
			name = Release;
		};
/* End XCBuildConfiguration section */

/* Begin XCConfigurationList section */
		B214ACEC2C35740100A362EB /* Build configuration list for PBXProject "gameHarry-API" */ = {
			isa = XCConfigurationList;
			buildConfigurations = (
				B214AD132C35740300A362EB /* Debug */,
				B214AD142C35740300A362EB /* Release */,
			);
			defaultConfigurationIsVisible = 0;
			defaultConfigurationName = Release;
		};
		B214AD152C35740300A362EB /* Build configuration list for PBXNativeTarget "gameHarry-API" */ = {
			isa = XCConfigurationList;
			buildConfigurations = (
				B214AD162C35740300A362EB /* Debug */,
				B214AD172C35740300A362EB /* Release */,
			);
			defaultConfigurationIsVisible = 0;
			defaultConfigurationName = Release;
		};
		B214AD182C35740300A362EB /* Build configuration list for PBXNativeTarget "gameHarry-APITests" */ = {
			isa = XCConfigurationList;
			buildConfigurations = (
				B214AD192C35740300A362EB /* Debug */,
				B214AD1A2C35740300A362EB /* Release */,
			);
			defaultConfigurationIsVisible = 0;
			defaultConfigurationName = Release;
		};
		B214AD1B2C35740300A362EB /* Build configuration list for PBXNativeTarget "gameHarry-APIUITests" */ = {
			isa = XCConfigurationList;
			buildConfigurations = (
				B214AD1C2C35740300A362EB /* Debug */,
				B214AD1D2C35740300A362EB /* Release */,
			);
			defaultConfigurationIsVisible = 0;
			defaultConfigurationName = Release;
		};
/* End XCConfigurationList section */
	};
	rootObject = B214ACE92C35740100A362EB /* Project object */;
}
